{
  "originHash" : "275cee255e6687486f6537c5366e66f1b76987f0e13c973c0a021163d11fe415",
  "pins" : [
    {
      "identity" : "litert-lm-apple",
      "kind" : "remoteSourceControl",
      "location" : "https://github.com/rogerioth/liteRT-LM-Apple.git",
      "state" : {
        "branch" : "main",
        "revision" : "6f604d675dc374bdb599703cb2b1000b9f025f38"
      }
    }
  ],
  "version" : 3
}
