{
  "originHash" : "275cee255e6687486f6537c5366e66f1b76987f0e13c973c0a021163d11fe415",
  "pins" : [
    {
      "identity" : "litert-lm-apple",
      "kind" : "remoteSourceControl",
      "location" : "https://github.com/rogerioth/liteRT-LM-Apple.git",
      "state" : {
        "branch" : "feat/visionos-support",
        "revision" : "f1896bf6dec70a7c0eb48f1aec582d82834a707f"
      }
    }
  ],
  "version" : 3
}
