{
  "originHash" : "275cee255e6687486f6537c5366e66f1b76987f0e13c973c0a021163d11fe415",
  "pins" : [
    {
      "identity" : "litert-lm-apple",
      "kind" : "remoteSourceControl",
      "location" : "https://github.com/rogerioth/liteRT-LM-Apple.git",
      "state" : {
        "branch" : "feat/maccatalyst-support",
        "revision" : "b5e76c7f70ca093b01e92b83be1021e39ab6d675"
      }
    }
  ],
  "version" : 3
}
